
Microsoft Visual Studio Solution File, Format Version 12.00
# Visual Studio Version 17
VisualStudioVersion = 17.14.36221.1
MinimumVisualStudioVersion = 10.0.40219.1
Project("{2150E333-8FDC-42A3-9474-1A3956D46DE8}") = "Bootstrapper", "Bootstrapper", "{02EA681E-C7D8-13C7-8484-4AC65E1B71E8}"
EndProject
Project("{2150E333-8FDC-42A3-9474-1A3956D46DE8}") = "Modules", "Modules", "{FEFB7156-5A03-4549-8C23-A7A388F49A1B}"
EndProject
Project("{2150E333-8FDC-42A3-9474-1A3956D46DE8}") = "Shared", "Shared", "{C1E2F63F-99E5-4C3B-8E9D-EDB0DC5FE64E}"
EndProject
Project("{2150E333-8FDC-42A3-9474-1A3956D46DE8}") = "Catalog", "Catalog", "{4FFB0241-692A-49F6-A38D-7C06CCE56C6A}"
EndProject
Project("{2150E333-8FDC-42A3-9474-1A3956D46DE8}") = "Basket", "Basket", "{E5D99DC0-D5C1-47F2-91A7-D7B9CEC38B2D}"
EndProject
Project("{2150E333-8FDC-42A3-9474-1A3956D46DE8}") = "Ordering", "Ordering", "{A1DEEE5C-1CFD-458F-AB96-AED313ABB392}"
EndProject
Project("{FAE04EC0-301F-11D3-BF4B-00C04F79EFBC}") = "Api", "Bootstrapper\Api\Api.csproj", "{21740D95-48D5-411C-8166-2376E1D03A9F}"
EndProject
Project("{FAE04EC0-301F-11D3-BF4B-00C04F79EFBC}") = "Basket", "Modules\Basket\Basket\Basket.csproj", "{0340B29B-5AD3-492A-8B9B-BAC36D1199B1}"
EndProject
Project("{FAE04EC0-301F-11D3-BF4B-00C04F79EFBC}") = "Catalog", "Modules\Catalog\Catalog\Catalog.csproj", "{9E3E5E75-1E9A-4EC1-A3CE-787AF519397F}"
EndProject
Project("{FAE04EC0-301F-11D3-BF4B-00C04F79EFBC}") = "Ordering", "Modules\Ordering\Ordering\Ordering.csproj", "{F919398D-F0C7-497B-9549-3DF997F961FA}"
EndProject
Project("{FAE04EC0-301F-11D3-BF4B-00C04F79EFBC}") = "Shared", "Shared\Shared\Shared.csproj", "{74A341D3-470B-421D-8AFD-C1DFB7F6150F}"
EndProject
Project("{E53339B2-1760-4266-BCC7-CA923CBCF16C}") = "docker-compose", "docker-compose.dcproj", "{81DDED9D-158B-E303-5F62-77A2896D2A5A}"
EndProject
Project("{FAE04EC0-301F-11D3-BF4B-00C04F79EFBC}") = "Shared.Contracts", "Shared\Shared.Contracts\Shared.Contracts.csproj", "{583FA86A-270D-4E2E-BC63-7A39BB982B74}"
EndProject
Project("{FAE04EC0-301F-11D3-BF4B-00C04F79EFBC}") = "Catalog.Contracts", "Modules\Catalog\Catalog.Contracts\Catalog.Contracts.csproj", "{4708238A-6944-452C-890A-A44A8530050A}"
EndProject
Project("{FAE04EC0-301F-11D3-BF4B-00C04F79EFBC}") = "Shared.Messaging", "Shared\Shared.Messaging\Shared.Messaging.csproj", "{D419FBC6-FB9E-4387-96DD-91EF77EFE728}"
EndProject
Project("{2150E333-8FDC-42A3-9474-1A3956D46DE8}") = "Identity", "Identity", "{EF09D113-94F8-47C3-B1CF-5A16A22A40A9}"
EndProject
Project("{FAE04EC0-301F-11D3-BF4B-00C04F79EFBC}") = "Identity", "Modules\Identity\Identity\Identity.csproj", "{89138AFC-1BE4-47E2-AAF3-5228D0E34DC5}"
EndProject
Project("{2150E333-8FDC-42A3-9474-1A3956D46DE8}") = "UI", "UI", "{FB9ED0DE-B06D-4B81-82AB-EC08A28D4652}"
EndProject
Global
	GlobalSection(SolutionConfigurationPlatforms) = preSolution
		Debug|Any CPU = Debug|Any CPU
		Release|Any CPU = Release|Any CPU
	EndGlobalSection
	GlobalSection(ProjectConfigurationPlatforms) = postSolution
		{21740D95-48D5-411C-8166-2376E1D03A9F}.Debug|Any CPU.ActiveCfg = Debug|Any CPU
		{21740D95-48D5-411C-8166-2376E1D03A9F}.Debug|Any CPU.Build.0 = Debug|Any CPU
		{21740D95-48D5-411C-8166-2376E1D03A9F}.Release|Any CPU.ActiveCfg = Release|Any CPU
		{21740D95-48D5-411C-8166-2376E1D03A9F}.Release|Any CPU.Build.0 = Release|Any CPU
		{0340B29B-5AD3-492A-8B9B-BAC36D1199B1}.Debug|Any CPU.ActiveCfg = Debug|Any CPU
		{0340B29B-5AD3-492A-8B9B-BAC36D1199B1}.Debug|Any CPU.Build.0 = Debug|Any CPU
		{0340B29B-5AD3-492A-8B9B-BAC36D1199B1}.Release|Any CPU.ActiveCfg = Release|Any CPU
		{0340B29B-5AD3-492A-8B9B-BAC36D1199B1}.Release|Any CPU.Build.0 = Release|Any CPU
		{9E3E5E75-1E9A-4EC1-A3CE-787AF519397F}.Debug|Any CPU.ActiveCfg = Debug|Any CPU
		{9E3E5E75-1E9A-4EC1-A3CE-787AF519397F}.Debug|Any CPU.Build.0 = Debug|Any CPU
		{9E3E5E75-1E9A-4EC1-A3CE-787AF519397F}.Release|Any CPU.ActiveCfg = Release|Any CPU
		{9E3E5E75-1E9A-4EC1-A3CE-787AF519397F}.Release|Any CPU.Build.0 = Release|Any CPU
		{F919398D-F0C7-497B-9549-3DF997F961FA}.Debug|Any CPU.ActiveCfg = Debug|Any CPU
		{F919398D-F0C7-497B-9549-3DF997F961FA}.Debug|Any CPU.Build.0 = Debug|Any CPU
		{F919398D-F0C7-497B-9549-3DF997F961FA}.Release|Any CPU.ActiveCfg = Release|Any CPU
		{F919398D-F0C7-497B-9549-3DF997F961FA}.Release|Any CPU.Build.0 = Release|Any CPU
		{74A341D3-470B-421D-8AFD-C1DFB7F6150F}.Debug|Any CPU.ActiveCfg = Debug|Any CPU
		{74A341D3-470B-421D-8AFD-C1DFB7F6150F}.Debug|Any CPU.Build.0 = Debug|Any CPU
		{74A341D3-470B-421D-8AFD-C1DFB7F6150F}.Release|Any CPU.ActiveCfg = Release|Any CPU
		{74A341D3-470B-421D-8AFD-C1DFB7F6150F}.Release|Any CPU.Build.0 = Release|Any CPU
		{81DDED9D-158B-E303-5F62-77A2896D2A5A}.Debug|Any CPU.ActiveCfg = Debug|Any CPU
		{81DDED9D-158B-E303-5F62-77A2896D2A5A}.Debug|Any CPU.Build.0 = Debug|Any CPU
		{81DDED9D-158B-E303-5F62-77A2896D2A5A}.Release|Any CPU.ActiveCfg = Release|Any CPU
		{81DDED9D-158B-E303-5F62-77A2896D2A5A}.Release|Any CPU.Build.0 = Release|Any CPU
		{583FA86A-270D-4E2E-BC63-7A39BB982B74}.Debug|Any CPU.ActiveCfg = Debug|Any CPU
		{583FA86A-270D-4E2E-BC63-7A39BB982B74}.Debug|Any CPU.Build.0 = Debug|Any CPU
		{583FA86A-270D-4E2E-BC63-7A39BB982B74}.Release|Any CPU.ActiveCfg = Release|Any CPU
		{583FA86A-270D-4E2E-BC63-7A39BB982B74}.Release|Any CPU.Build.0 = Release|Any CPU
		{4708238A-6944-452C-890A-A44A8530050A}.Debug|Any CPU.ActiveCfg = Debug|Any CPU
		{4708238A-6944-452C-890A-A44A8530050A}.Debug|Any CPU.Build.0 = Debug|Any CPU
		{4708238A-6944-452C-890A-A44A8530050A}.Release|Any CPU.ActiveCfg = Release|Any CPU
		{4708238A-6944-452C-890A-A44A8530050A}.Release|Any CPU.Build.0 = Release|Any CPU
		{D419FBC6-FB9E-4387-96DD-91EF77EFE728}.Debug|Any CPU.ActiveCfg = Debug|Any CPU
		{D419FBC6-FB9E-4387-96DD-91EF77EFE728}.Debug|Any CPU.Build.0 = Debug|Any CPU
		{D419FBC6-FB9E-4387-96DD-91EF77EFE728}.Release|Any CPU.ActiveCfg = Release|Any CPU
		{D419FBC6-FB9E-4387-96DD-91EF77EFE728}.Release|Any CPU.Build.0 = Release|Any CPU
		{89138AFC-1BE4-47E2-AAF3-5228D0E34DC5}.Debug|Any CPU.ActiveCfg = Debug|Any CPU
		{89138AFC-1BE4-47E2-AAF3-5228D0E34DC5}.Debug|Any CPU.Build.0 = Debug|Any CPU
		{89138AFC-1BE4-47E2-AAF3-5228D0E34DC5}.Release|Any CPU.ActiveCfg = Release|Any CPU
		{89138AFC-1BE4-47E2-AAF3-5228D0E34DC5}.Release|Any CPU.Build.0 = Release|Any CPU
	EndGlobalSection
	GlobalSection(SolutionProperties) = preSolution
		HideSolutionNode = FALSE
	EndGlobalSection
	GlobalSection(NestedProjects) = preSolution
		{4FFB0241-692A-49F6-A38D-7C06CCE56C6A} = {FEFB7156-5A03-4549-8C23-A7A388F49A1B}
		{E5D99DC0-D5C1-47F2-91A7-D7B9CEC38B2D} = {FEFB7156-5A03-4549-8C23-A7A388F49A1B}
		{A1DEEE5C-1CFD-458F-AB96-AED313ABB392} = {FEFB7156-5A03-4549-8C23-A7A388F49A1B}
		{21740D95-48D5-411C-8166-2376E1D03A9F} = {02EA681E-C7D8-13C7-8484-4AC65E1B71E8}
		{0340B29B-5AD3-492A-8B9B-BAC36D1199B1} = {E5D99DC0-D5C1-47F2-91A7-D7B9CEC38B2D}
		{9E3E5E75-1E9A-4EC1-A3CE-787AF519397F} = {4FFB0241-692A-49F6-A38D-7C06CCE56C6A}
		{F919398D-F0C7-497B-9549-3DF997F961FA} = {A1DEEE5C-1CFD-458F-AB96-AED313ABB392}
		{74A341D3-470B-421D-8AFD-C1DFB7F6150F} = {C1E2F63F-99E5-4C3B-8E9D-EDB0DC5FE64E}
		{583FA86A-270D-4E2E-BC63-7A39BB982B74} = {C1E2F63F-99E5-4C3B-8E9D-EDB0DC5FE64E}
		{4708238A-6944-452C-890A-A44A8530050A} = {4FFB0241-692A-49F6-A38D-7C06CCE56C6A}
		{D419FBC6-FB9E-4387-96DD-91EF77EFE728} = {C1E2F63F-99E5-4C3B-8E9D-EDB0DC5FE64E}
		{EF09D113-94F8-47C3-B1CF-5A16A22A40A9} = {FEFB7156-5A03-4549-8C23-A7A388F49A1B}
		{89138AFC-1BE4-47E2-AAF3-5228D0E34DC5} = {EF09D113-94F8-47C3-B1CF-5A16A22A40A9}
	EndGlobalSection
	GlobalSection(ExtensibilityGlobals) = postSolution
		SolutionGuid = {107D9107-4D83-4471-B39B-3215E7F745D5}
	EndGlobalSection
EndGlobal
